<?xml version="1.0" encoding="utf-8"?>
<Project ToolsVersion="4.0" xmlns="http://schemas.microsoft.com/developer/msbuild/2003">
  <ItemGroup>
    <Filter Include="Source Files">
      <UniqueIdentifier>{4FC737F1-C7A5-4376-A066-2A32D752A2FF}</UniqueIdentifier>
      <Extensions>cpp;c;cc;cxx;def;odl;idl;hpj;bat;asm;asmx</Extensions>
    </Filter>
    <Filter Include="Header Files">
      <UniqueIdentifier>{93995380-89BD-4b04-88EB-625FBE52EBFB}</UniqueIdentifier>
      <Extensions>h;hh;hpp;hxx;hm;inl;inc;xsd</Extensions>
    </Filter>
    <Filter Include="Resource Files">
      <UniqueIdentifier>{67DA6AB6-F800-4c08-8B7A-83BB121AAD01}</UniqueIdentifier>
      <Extensions>rc;ico;cur;bmp;dlg;rc2;rct;bin;rgs;gif;jpg;jpeg;jpe;resx;tiff;tif;png;wav;mfcribbon-ms</Extensions>
    </Filter>
    <Filter Include="Header Files\Tab dialog">
      <UniqueIdentifier>{c3c5e359-df9a-4a27-98ef-e10f5c4d4cc1}</UniqueIdentifier>
    </Filter>
    <Filter Include="Source Files\Tab dialog">
      <UniqueIdentifier>{88a6fe16-f0c9-4394-9b12-cb9073676521}</UniqueIdentifier>
    </Filter>
    <Filter Include="Header Files\Common">
      <UniqueIdentifier>{59b07c58-f2b9-42b3-9a5b-02094640a84d}</UniqueIdentifier>
    </Filter>
    <Filter Include="Source Files\Common">
      <UniqueIdentifier>{9ae766df-9af1-474e-bc5e-49c05562c239}</UniqueIdentifier>
    </Filter>
  </ItemGroup>
  <ItemGroup>
    <Text Include="ReadMe.txt" />
  </ItemGroup>
  <ItemGroup>
    <ClInclude Include="MyApp.h">
      <Filter>Header Files</Filter>
    </ClInclude>
    <ClInclude Include="MyAppDlg.h">
      <Filter>Header Files</Filter>
    </ClInclude>
    <ClInclude Include="stdafx.h">
      <Filter>Header Files</Filter>
    </ClInclude>
    <ClInclude Include="targetver.h">
      <Filter>Header Files</Filter>
    </ClInclude>
    <ClInclude Include="Resource.h">
      <Filter>Header Files</Filter>
    </ClInclude>
    <ClInclude Include="MainWnd.h">
      <Filter>Header Files</Filter>
    </ClInclude>
    <ClInclude Include="DialogMainTab.h">
      <Filter>Header Files\Tab dialog</Filter>
    </ClInclude>
    <ClInclude Include="DialogTab1.h">
      <Filter>Header Files\Tab dialog</Filter>
    </ClInclude>
    <ClInclude Include="DialogTab2.h">
      <Filter>Header Files\Tab dialog</Filter>
    </ClInclude>
    <ClInclude Include="DialogTab3.h">
      <Filter>Header Files\Tab dialog</Filter>
    </ClInclude>
    <ClInclude Include="DialogTab4.h">
      <Filter>Header Files\Tab dialog</Filter>
    </ClInclude>
    <ClInclude Include="DialogTab5.h">
      <Filter>Header Files\Tab dialog</Filter>
    </ClInclude>
    <ClInclude Include="DialogTab6.h">
      <Filter>Header Files\Tab dialog</Filter>
    </ClInclude>
    <ClInclude Include="DialogTab7.h">
      <Filter>Header Files\Tab dialog</Filter>
    </ClInclude>
    <ClInclude Include="DialogTab8.h">
      <Filter>Header Files\Tab dialog</Filter>
    </ClInclude>
    <ClInclude Include="RegrexCheckDlg.h">
      <Filter>Header Files</Filter>
    </ClInclude>
    <ClInclude Include="TestCbxWithRegex.h">
      <Filter>Header Files</Filter>
    </ClInclude>
    <ClInclude Include="HookingDlg.h">
      <Filter>Header Files</Filter>
    </ClInclude>
    <ClInclude Include="TaskManager.h">
      <Filter>Header Files</Filter>
    </ClInclude>
    <ClInclude Include="..\Common\DllInject.h">
      <Filter>Header Files\Common</Filter>
    </ClInclude>
    <ClInclude Include="..\Common\fwd.h">
      <Filter>Header Files\Common</Filter>
    </ClInclude>
    <ClInclude Include="..\Common\GroupTabHandler.h">
      <Filter>Header Files\Common</Filter>
    </ClInclude>
    <ClInclude Include="..\Common\HookAPI.h">
      <Filter>Header Files\Common</Filter>
    </ClInclude>
    <ClInclude Include="..\Common\ObjectPool.h">
      <Filter>Header Files\Common</Filter>
    </ClInclude>
    <ClInclude Include="..\Common\Util.h">
      <Filter>Header Files\Common</Filter>
    </ClInclude>
    <ClInclude Include="..\Common\UtilRegex.h">
      <Filter>Header Files\Common</Filter>
    </ClInclude>
    <ClInclude Include="..\Common\ListControlIAT.h">
      <Filter>Header Files\Common</Filter>
    </ClInclude>
    <ClInclude Include="..\Common\HandleComboboxItem.h">
      <Filter>Header Files\Common</Filter>
    </ClInclude>
  </ItemGroup>
  <ItemGroup>
    <ClCompile Include="MyApp.cpp">
      <Filter>Source Files</Filter>
    </ClCompile>
    <ClCompile Include="MyAppDlg.cpp">
      <Filter>Source Files</Filter>
    </ClCompile>
    <ClCompile Include="stdafx.cpp">
      <Filter>Source Files</Filter>
    </ClCompile>
    <ClCompile Include="MainWnd.cpp">
      <Filter>Source Files</Filter>
    </ClCompile>
    <ClCompile Include="DialogMainTab.cpp">
      <Filter>Source Files\Tab dialog</Filter>
    </ClCompile>
    <ClCompile Include="DialogTab1.cpp">
      <Filter>Source Files\Tab dialog</Filter>
    </ClCompile>
    <ClCompile Include="DialogTab2.cpp">
      <Filter>Source Files\Tab dialog</Filter>
    </ClCompile>
    <ClCompile Include="DialogTab3.cpp">
      <Filter>Source Files\Tab dialog</Filter>
    </ClCompile>
    <ClCompile Include="DialogTab4.cpp">
      <Filter>Source Files\Tab dialog</Filter>
    </ClCompile>
    <ClCompile Include="DialogTab5.cpp">
      <Filter>Source Files\Tab dialog</Filter>
    </ClCompile>
    <ClCompile Include="DialogTab6.cpp">
      <Filter>Source Files\Tab dialog</Filter>
    </ClCompile>
    <ClCompile Include="DialogTab7.cpp">
      <Filter>Source Files\Tab dialog</Filter>
    </ClCompile>
    <ClCompile Include="DialogTab8.cpp">
      <Filter>Source Files\Tab dialog</Filter>
    </ClCompile>
    <ClCompile Include="RegrexCheckDlg.cpp">
      <Filter>Source Files</Filter>
    </ClCompile>
    <ClCompile Include="TestCbxWithRegex.cpp">
      <Filter>Source Files</Filter>
    </ClCompile>
    <ClCompile Include="HookingDlg.cpp">
      <Filter>Source Files</Filter>
    </ClCompile>
    <ClCompile Include="TaskManager.cpp">
      <Filter>Source Files</Filter>
    </ClCompile>
    <ClCompile Include="..\Common\HandleComboboxItem.cpp">
      <Filter>Source Files\Common</Filter>
    </ClCompile>
    <ClCompile Include="..\Common\HookAPI.cpp">
      <Filter>Source Files\Common</Filter>
    </ClCompile>
    <ClCompile Include="..\Common\ListControlIAT.cpp">
      <Filter>Source Files\Common</Filter>
    </ClCompile>
  </ItemGroup>
  <ItemGroup>
    <ResourceCompile Include="MyApp.rc">
      <Filter>Resource Files</Filter>
    </ResourceCompile>
  </ItemGroup>
  <ItemGroup>
    <None Include="res\MyApp.rc2">
      <Filter>Resource Files</Filter>
    </None>
  </ItemGroup>
  <ItemGroup>
    <Image Include="res\MyApp.ico">
      <Filter>Resource Files</Filter>
    </Image>
  </ItemGroup>
</Project>